
Microsoft Visual Studio Solution File, Format Version 12.00
# Visual Studio Version 17
VisualStudioVersion = 17.4.33110.190
MinimumVisualStudioVersion = 10.0.40219.1
Project("{FAE04EC0-301F-11D3-BF4B-00C04F79EFBC}") = "LoudnessMeter", "LoudnessMeter\LoudnessMeter\LoudnessMeter.csproj", "{82D7F55D-38E1-424F-99F0-7DE0173BE810}"
EndProject
Project("{FAE04EC0-301F-11D3-BF4B-00C04F79EFBC}") = "LoudnessMeter.Android", "LoudnessMeter\LoudnessMeter.Android\LoudnessMeter.Android.csproj", "{A6419CF7-95A4-4497-9F6A-4290165864EA}"
EndProject
Project("{FAE04EC0-301F-11D3-BF4B-00C04F79EFBC}") = "LoudnessMeter.Desktop", "LoudnessMeter\LoudnessMeter.Desktop\LoudnessMeter.Desktop.csproj", "{6EF81EE5-7A0C-40BE-A929-D3C180D52464}"
EndProject
Project("{FAE04EC0-301F-11D3-BF4B-00C04F79EFBC}") = "LoudnessMeter.iOS", "LoudnessMeter\LoudnessMeter.iOS\LoudnessMeter.iOS.csproj", "{47A7ECAC-ACE6-40D0-B9BD-8A0BFBE07EF4}"
EndProject
Project("{FAE04EC0-301F-11D3-BF4B-00C04F79EFBC}") = "LoudnessMeter.Web", "LoudnessMeter\LoudnessMeter.Web\LoudnessMeter.Web.csproj", "{4635E292-F04B-4422-AD3D-6A28A58D20C1}"
EndProject
Global
	GlobalSection(SolutionConfigurationPlatforms) = preSolution
		Debug|Any CPU = Debug|Any CPU
		Release|Any CPU = Release|Any CPU
	EndGlobalSection
	GlobalSection(ProjectConfigurationPlatforms) = postSolution
		{82D7F55D-38E1-424F-99F0-7DE0173BE810}.Debug|Any CPU.ActiveCfg = Debug|Any CPU
		{82D7F55D-38E1-424F-99F0-7DE0173BE810}.Debug|Any CPU.Build.0 = Debug|Any CPU
		{82D7F55D-38E1-424F-99F0-7DE0173BE810}.Release|Any CPU.ActiveCfg = Release|Any CPU
		{82D7F55D-38E1-424F-99F0-7DE0173BE810}.Release|Any CPU.Build.0 = Release|Any CPU
		{A6419CF7-95A4-4497-9F6A-4290165864EA}.Debug|Any CPU.ActiveCfg = Debug|Any CPU
		{A6419CF7-95A4-4497-9F6A-4290165864EA}.Debug|Any CPU.Build.0 = Debug|Any CPU
		{A6419CF7-95A4-4497-9F6A-4290165864EA}.Debug|Any CPU.Deploy.0 = Debug|Any CPU
		{A6419CF7-95A4-4497-9F6A-4290165864EA}.Release|Any CPU.ActiveCfg = Release|Any CPU
		{A6419CF7-95A4-4497-9F6A-4290165864EA}.Release|Any CPU.Build.0 = Release|Any CPU
		{A6419CF7-95A4-4497-9F6A-4290165864EA}.Release|Any CPU.Deploy.0 = Release|Any CPU
		{6EF81EE5-7A0C-40BE-A929-D3C180D52464}.Debug|Any CPU.ActiveCfg = Debug|Any CPU
		{6EF81EE5-7A0C-40BE-A929-D3C180D52464}.Debug|Any CPU.Build.0 = Debug|Any CPU
		{6EF81EE5-7A0C-40BE-A929-D3C180D52464}.Release|Any CPU.ActiveCfg = Release|Any CPU
		{6EF81EE5-7A0C-40BE-A929-D3C180D52464}.Release|Any CPU.Build.0 = Release|Any CPU
		{47A7ECAC-ACE6-40D0-B9BD-8A0BFBE07EF4}.Debug|Any CPU.ActiveCfg = Debug|Any CPU
		{47A7ECAC-ACE6-40D0-B9BD-8A0BFBE07EF4}.Debug|Any CPU.Build.0 = Debug|Any CPU
		{47A7ECAC-ACE6-40D0-B9BD-8A0BFBE07EF4}.Debug|Any CPU.Deploy.0 = Debug|Any CPU
		{47A7ECAC-ACE6-40D0-B9BD-8A0BFBE07EF4}.Release|Any CPU.ActiveCfg = Release|Any CPU
		{47A7ECAC-ACE6-40D0-B9BD-8A0BFBE07EF4}.Release|Any CPU.Build.0 = Release|Any CPU
		{47A7ECAC-ACE6-40D0-B9BD-8A0BFBE07EF4}.Release|Any CPU.Deploy.0 = Release|Any CPU
		{4635E292-F04B-4422-AD3D-6A28A58D20C1}.Debug|Any CPU.ActiveCfg = Debug|Any CPU
		{4635E292-F04B-4422-AD3D-6A28A58D20C1}.Debug|Any CPU.Build.0 = Debug|Any CPU
		{4635E292-F04B-4422-AD3D-6A28A58D20C1}.Release|Any CPU.ActiveCfg = Release|Any CPU
		{4635E292-F04B-4422-AD3D-6A28A58D20C1}.Release|Any CPU.Build.0 = Release|Any CPU
	EndGlobalSection
	GlobalSection(SolutionProperties) = preSolution
		HideSolutionNode = FALSE
	EndGlobalSection
	GlobalSection(ExtensibilityGlobals) = postSolution
		SolutionGuid = {26C1CA83-0978-41C0-B92B-78198A5CD325}
	EndGlobalSection
EndGlobal
